Microsoft Visual Studio Solution File, Format Version 12.00
# Visual Studio Version 17
VisualStudioVersion = 17.5.2.0
MinimumVisualStudioVersion = 10.0.40219.1
Project("{2150E333-8FDC-42A3-9474-1A3956D46DE8}") = "hyde", "hyde", "{96DBC365-E440-1793-E4BE-697B5DBAB58F}"
EndProject
Project("{FAE04EC0-301F-11D3-BF4B-00C04F79EFBC}") = "HydeDemo", "hyde\Demo\HydeDemo.csproj", "{DDE76745-7AA0-5C18-25A8-E98CF191BC5A}"
EndProject
Project("{2150E333-8FDC-42A3-9474-1A3956D46DE8}") = "hype", "hype", "{CE99270E-DD08-4B9A-B71F-3BD5DCE569CA}"
EndProject
Project("{FAE04EC0-301F-11D3-BF4B-00C04F79EFBC}") = "HypeDemo", "hype\Demo\HypeDemo.csproj", "{FD7BD298-B25C-4B06-954A-DC017148527D}"
EndProject
Global
	GlobalSection(SolutionConfigurationPlatforms) = preSolution
		Debug|Any CPU = Debug|Any CPU
		Release|Any CPU = Release|Any CPU
	EndGlobalSection
	GlobalSection(ProjectConfigurationPlatforms) = postSolution
		{DDE76745-7AA0-5C18-25A8-E98CF191BC5A}.Debug|Any CPU.ActiveCfg = Debug|Any CPU
		{DDE76745-7AA0-5C18-25A8-E98CF191BC5A}.Debug|Any CPU.Build.0 = Debug|Any CPU
		{DDE76745-7AA0-5C18-25A8-E98CF191BC5A}.Release|Any CPU.ActiveCfg = Release|Any CPU
		{DDE76745-7AA0-5C18-25A8-E98CF191BC5A}.Release|Any CPU.Build.0 = Release|Any CPU
		{FD7BD298-B25C-4B06-954A-DC017148527D}.Debug|Any CPU.ActiveCfg = Debug|Any CPU
		{FD7BD298-B25C-4B06-954A-DC017148527D}.Debug|Any CPU.Build.0 = Debug|Any CPU
		{FD7BD298-B25C-4B06-954A-DC017148527D}.Release|Any CPU.ActiveCfg = Release|Any CPU
		{FD7BD298-B25C-4B06-954A-DC017148527D}.Release|Any CPU.Build.0 = Release|Any CPU
	EndGlobalSection
	GlobalSection(SolutionProperties) = preSolution
		HideSolutionNode = FALSE
	EndGlobalSection
	GlobalSection(NestedProjects) = preSolution
		{DDE76745-7AA0-5C18-25A8-E98CF191BC5A} = {96DBC365-E440-1793-E4BE-697B5DBAB58F}
		{FD7BD298-B25C-4B06-954A-DC017148527D} = {CE99270E-DD08-4B9A-B71F-3BD5DCE569CA}
	EndGlobalSection
	GlobalSection(ExtensibilityGlobals) = postSolution
		SolutionGuid = {57EE4B56-6EA1-4996-B6BF-72D2554A991B}
	EndGlobalSection
EndGlobal
